
Microsoft Visual Studio Solution File, Format Version 12.00
# Visual Studio Version 17
VisualStudioVersion = 17.9.34607.119
MinimumVisualStudioVersion = 10.0.40219.1
Project("{9A19103F-16F7-4668-BE54-9A1E7A4F7556}") = "BAIPetRegMobileApp", "BAIPetRegMobileApp\BAIPetRegMobileApp.csproj", "{9B9F461B-477C-4168-B95D-5D77511792C2}"
EndProject
Project("{9A19103F-16F7-4668-BE54-9A1E7A4F7556}") = "BAIPetRegMobileApp.Api", "BAIPetRegMobileApp.Api\BAIPetRegMobileApp.Api.csproj", "{42322F4F-C9B9-4B43-A973-F19B7602528C}"
EndProject
Global
	GlobalSection(SolutionConfigurationPlatforms) = preSolution
		Debug|Any CPU = Debug|Any CPU
		Release|Any CPU = Release|Any CPU
	EndGlobalSection
	GlobalSection(ProjectConfigurationPlatforms) = postSolution
		{9B9F461B-477C-4168-B95D-5D77511792C2}.Debug|Any CPU.ActiveCfg = Debug|Any CPU
		{9B9F461B-477C-4168-B95D-5D77511792C2}.Debug|Any CPU.Build.0 = Debug|Any CPU
		{9B9F461B-477C-4168-B95D-5D77511792C2}.Debug|Any CPU.Deploy.0 = Debug|Any CPU
		{9B9F461B-477C-4168-B95D-5D77511792C2}.Release|Any CPU.ActiveCfg = Release|Any CPU
		{9B9F461B-477C-4168-B95D-5D77511792C2}.Release|Any CPU.Build.0 = Release|Any CPU
		{9B9F461B-477C-4168-B95D-5D77511792C2}.Release|Any CPU.Deploy.0 = Release|Any CPU
		{42322F4F-C9B9-4B43-A973-F19B7602528C}.Debug|Any CPU.ActiveCfg = Debug|Any CPU
		{42322F4F-C9B9-4B43-A973-F19B7602528C}.Debug|Any CPU.Build.0 = Debug|Any CPU
		{42322F4F-C9B9-4B43-A973-F19B7602528C}.Release|Any CPU.ActiveCfg = Release|Any CPU
		{42322F4F-C9B9-4B43-A973-F19B7602528C}.Release|Any CPU.Build.0 = Release|Any CPU
	EndGlobalSection
	GlobalSection(SolutionProperties) = preSolution
		HideSolutionNode = FALSE
	EndGlobalSection
	GlobalSection(ExtensibilityGlobals) = postSolution
		SolutionGuid = {051DF207-0B29-4501-854D-A435AF8E1BAE}
	EndGlobalSection
EndGlobal
